// !$*UTF8*$!
{
	archiveVersion = 1;
	classes = {
	};
	objectVersion = 50;
	objects = {

/* Begin PBXBuildFile section */
		867DDD6825AB880B00E745B7 /* AppDelegate.swift in Sources */ = {isa = PBXBuildFile; fileRef = 867DDD6725AB880B00E745B7 /* AppDelegate.swift */; };
		867DDD6A25AB880B00E745B7 /* SceneDelegate.swift in Sources */ = {isa = PBXBuildFile; fileRef = 867DDD6925AB880B00E745B7 /* SceneDelegate.swift */; };
		867DDD6E25AB880C00E745B7 /* Assets.xcassets in Resources */ = {isa = PBXBuildFile; fileRef = 867DDD6D25AB880C00E745B7 /* Assets.xcassets */; };
		867DDD7125AB880C00E745B7 /* Preview Assets.xcassets in Resources */ = {isa = PBXBuildFile; fileRef = 867DDD7025AB880C00E745B7 /* Preview Assets.xcassets */; };
		867DDD7425AB880C00E745B7 /* LaunchScreen.storyboard in Resources */ = {isa = PBXBuildFile; fileRef = 867DDD7225AB880C00E745B7 /* LaunchScreen.storyboard */; };
		867DDD7E25AB8A2E00E745B7 /* ViewController.swift in Sources */ = {isa = PBXBuildFile; fileRef = 867DDD7D25AB8A2E00E745B7 /* ViewController.swift */; };
		867DDD9025ABA9A400E745B7 /* firstText.text in Resources */ = {isa = PBXBuildFile; fileRef = 867DDD8F25ABA9A400E745B7 /* firstText.text */; };
		867DDD8C25ABA69400E745B7 /* therdText.text in Resources */ = {isa = PBXBuildFile; fileRef = 867DDD8B25ABA69400E745B7 /* therdText.text */; };
		867DDD8825ABA62000E745B7 /* secondText.text in Resources */ = {isa = PBXBuildFile; fileRef = 867DDD8725ABA62000E745B7 /* secondText.text */; };
/* End PBXBuildFile section */

/* Begin PBXFileReference section */
		867DDD6425AB880B00E745B7 /* TestSourceFree.app */ = {isa = PBXFileReference; explicitFileType = wrapper.application; includeInIndex = 0; path = TestSourceFree.app; sourceTree = BUILT_PRODUCTS_DIR; };
		867DDD6725AB880B00E745B7 /* AppDelegate.swift */ = {isa = PBXFileReference; lastKnownFileType = sourcecode.swift; path = AppDelegate.swift; sourceTree = "<group>"; };
		867DDD6925AB880B00E745B7 /* SceneDelegate.swift */ = {isa = PBXFileReference; lastKnownFileType = sourcecode.swift; path = SceneDelegate.swift; sourceTree = "<group>"; };
		867DDD6D25AB880C00E745B7 /* Assets.xcassets */ = {isa = PBXFileReference; lastKnownFileType = folder.assetcatalog; path = Assets.xcassets; sourceTree = "<group>"; };
		867DDD7025AB880C00E745B7 /* Preview Assets.xcassets */ = {isa = PBXFileReference; lastKnownFileType = folder.assetcatalog; path = "Preview Assets.xcassets"; sourceTree = "<group>"; };
		867DDD7325AB880C00E745B7 /* Base */ = {isa = PBXFileReference; lastKnownFileType = file.storyboard; name = Base; path = Base.lproj/LaunchScreen.storyboard; sourceTree = "<group>"; };
		867DDD7525AB880C00E745B7 /* Info.plist */ = {isa = PBXFileReference; lastKnownFileType = text.plist.xml; path = Info.plist; sourceTree = "<group>"; };
		867DDD7D25AB8A2E00E745B7 /* ViewController.swift */ = {isa = PBXFileReference; lastKnownFileType = sourcecode.swift; path = ViewController.swift; sourceTree = "<group>"; };
		867DDD8F25ABA9A400E745B7 /* firstText.text */ = {isa = PBXFileReference; lastKnownFileType = net.daringfireball.markdown; path = firstText.text; sourceTree = "<group>"; };
		867DDD8B25ABA69400E745B7 /* therdText.text */ = {isa = PBXFileReference; lastKnownFileType = net.daringfireball.markdown; path = therdText.text; sourceTree = "<group>"; };
		867DDD8725ABA62000E745B7 /* secondText.text */ = {isa = PBXFileReference; lastKnownFileType = net.daringfireball.markdown; path = secondText.text; sourceTree = "<group>"; };
/* End PBXFileReference section */

/* Begin PBXFrameworksBuildPhase section */
		867DDD6125AB880B00E745B7 /* Frameworks */ = {
			isa = PBXFrameworksBuildPhase;
			buildActionMask = 2147483647;
			files = (
			);
			runOnlyForDeploymentPostprocessing = 0;
		};
/* End PBXFrameworksBuildPhase section */

/* Begin PBXGroup section */
		867DDD5B25AB880B00E745B7 = {
			isa = PBXGroup;
			children = (
				867DDD8B25ABA69400E745B7 /* therdText.text */,
				867DDD8725ABA62000E745B7 /* secondText.text */,
				867DDD6625AB880B00E745B7 /* TestSourceFree */,
				867DDD6525AB880B00E745B7 /* Products */,
			);
			sourceTree = "<group>";
		};
		867DDD6525AB880B00E745B7 /* Products */ = {
			isa = PBXGroup;
			children = (
				867DDD6425AB880B00E745B7 /* TestSourceFree.app */,
			);
			name = Products;
			sourceTree = "<group>";
		};
		867DDD6625AB880B00E745B7 /* TestSourceFree */ = {
			isa = PBXGroup;
			children = (
				867DDD8F25ABA9A400E745B7 /* firstText.text */,
				867DDD6725AB880B00E745B7 /* AppDelegate.swift */,
				867DDD6925AB880B00E745B7 /* SceneDelegate.swift */,
				867DDD7D25AB8A2E00E745B7 /* ViewController.swift */,
				867DDD6D25AB880C00E745B7 /* Assets.xcassets */,
				867DDD7225AB880C00E745B7 /* LaunchScreen.storyboard */,
				867DDD7525AB880C00E745B7 /* Info.plist */,
				867DDD6F25AB880C00E745B7 /* Preview Content */,
			);
			path = TestSourceFree;
			sourceTree = "<group>";
		};
		867DDD6F25AB880C00E745B7 /* Preview Content */ = {
			isa = PBXGroup;
			children = (
				867DDD7025AB880C00E745B7 /* Preview Assets.xcassets */,
			);
			path = "Preview Content";
			sourceTree = "<group>";
		};
/* End PBXGroup section */

/* Begin PBXNativeTarget section */
		867DDD6325AB880B00E745B7 /* TestSourceFree */ = {
			isa = PBXNativeTarget;
			buildConfigurationList = 867DDD7825AB880C00E745B7 /* Build configuration list for PBXNativeTarget "TestSourceFree" */;
			buildPhases = (
				867DDD6025AB880B00E745B7 /* Sources */,
				867DDD6125AB880B00E745B7 /* Frameworks */,
				867DDD6225AB880B00E745B7 /* Resources */,
			);
			buildRules = (
			);
			dependencies = (
			);
			name = TestSourceFree;
			productName = TestSourceFree;
			productReference = 867DDD6425AB880B00E745B7 /* TestSourceFree.app */;
			productType = "com.apple.product-type.application";
		};
/* End PBXNativeTarget section */

/* Begin PBXProject section */
		867DDD5C25AB880B00E745B7 /* Project object */ = {
			isa = PBXProject;
			attributes = {
				LastSwiftUpdateCheck = 1220;
				LastUpgradeCheck = 1220;
				TargetAttributes = {
					867DDD6325AB880B00E745B7 = {
						CreatedOnToolsVersion = 12.2;
					};
				};
			};
			buildConfigurationList = 867DDD5F25AB880B00E745B7 /* Build configuration list for PBXProject "TestSourceFree" */;
			compatibilityVersion = "Xcode 9.3";
			developmentRegion = en;
			hasScannedForEncodings = 0;
			knownRegions = (
				en,
				Base,
			);
			mainGroup = 867DDD5B25AB880B00E745B7;
			productRefGroup = 867DDD6525AB880B00E745B7 /* Products */;
			projectDirPath = "";
			projectRoot = "";
			targets = (
				867DDD6325AB880B00E745B7 /* TestSourceFree */,
			);
		};
/* End PBXProject section */

/* Begin PBXResourcesBuildPhase section */
		867DDD6225AB880B00E745B7 /* Resources */ = {
			isa = PBXResourcesBuildPhase;
			buildActionMask = 2147483647;
			files = (
				867DDD7425AB880C00E745B7 /* LaunchScreen.storyboard in Resources */,
				867DDD8C25ABA69400E745B7 /* therdText.text in Resources */,
				867DDD7125AB880C00E745B7 /* Preview Assets.xcassets in Resources */,
				867DDD9025ABA9A400E745B7 /* firstText.text in Resources */,
				867DDD6E25AB880C00E745B7 /* Assets.xcassets in Resources */,
				867DDD8825ABA62000E745B7 /* secondText.text in Resources */,
			);
			runOnlyForDeploymentPostprocessing = 0;
		};
/* End PBXResourcesBuildPhase section */

/* Begin PBXSourcesBuildPhase section */
		867DDD6025AB880B00E745B7 /* Sources */ = {
			isa = PBXSourcesBuildPhase;
			buildActionMask = 2147483647;
			files = (
				867DDD7E25AB8A2E00E745B7 /* ViewController.swift in Sources */,
				867DDD6825AB880B00E745B7 /* AppDelegate.swift in Sources */,
				867DDD6A25AB880B00E745B7 /* SceneDelegate.swift in Sources */,
			);
			runOnlyForDeploymentPostprocessing = 0;
		};
/* End PBXSourcesBuildPhase section */

/* Begin PBXVariantGroup section */
		867DDD7225AB880C00E745B7 /* LaunchScreen.storyboard */ = {
			isa = PBXVariantGroup;
			children = (
				867DDD7325AB880C00E745B7 /* Base */,
			);
			name = LaunchScreen.storyboard;
			sourceTree = "<group>";
		};
/* End PBXVariantGroup section */

/* Begin XCBuildConfiguration section */
		867DDD7625AB880C00E745B7 /* Debug */ = {
			isa = XCBuildConfiguration;
			buildSettings = {
				ALWAYS_SEARCH_USER_PATHS = NO;
				CLANG_ANALYZER_NONNULL = YES;
				CLANG_ANALYZER_NUMBER_OBJECT_CONVERSION = YES_AGGRESSIVE;
				CLANG_CXX_LANGUAGE_STANDARD = "gnu++14";
				CLANG_CXX_LIBRARY = "libc++";
				CLANG_ENABLE_MODULES = YES;
				CLANG_ENABLE_OBJC_ARC = YES;
				CLANG_ENABLE_OBJC_WEAK = YES;
				CLANG_WARN_BLOCK_CAPTURE_AUTORELEASING = YES;
				CLANG_WARN_BOOL_CONVERSION = YES;
				CLANG_WARN_COMMA = YES;
				CLANG_WARN_CONSTANT_CONVERSION = YES;
				CLANG_WARN_DEPRECATED_OBJC_IMPLEMENTATIONS = YES;
				CLANG_WARN_DIRECT_OBJC_ISA_USAGE = YES_ERROR;
				CLANG_WARN_DOCUMENTATION_COMMENTS = YES;
				CLANG_WARN_EMPTY_BODY = YES;
				CLANG_WARN_ENUM_CONVERSION = YES;
				CLANG_WARN_INFINITE_RECURSION = YES;
				CLANG_WARN_INT_CONVERSION = YES;
				CLANG_WARN_NON_LITERAL_NULL_CONVERSION = YES;
				CLANG_WARN_OBJC_IMPLICIT_RETAIN_SELF = YES;
				CLANG_WARN_OBJC_LITERAL_CONVERSION = YES;
				CLANG_WARN_OBJC_ROOT_CLASS = YES_ERROR;
				CLANG_WARN_QUOTED_INCLUDE_IN_FRAMEWORK_HEADER = YES;
				CLANG_WARN_RANGE_LOOP_ANALYSIS = YES;
				CLANG_WARN_STRICT_PROTOTYPES = YES;
				CLANG_WARN_SUSPICIOUS_MOVE = YES;
				CLANG_WARN_UNGUARDED_AVAILABILITY = YES_AGGRESSIVE;
				CLANG_WARN_UNREACHABLE_CODE = YES;
				CLANG_WARN__DUPLICATE_METHOD_MATCH = YES;
				COPY_PHASE_STRIP = NO;
				DEBUG_INFORMATION_FORMAT = dwarf;
				ENABLE_STRICT_OBJC_MSGSEND = YES;
				ENABLE_TESTABILITY = YES;
				GCC_C_LANGUAGE_STANDARD = gnu11;
				GCC_DYNAMIC_NO_PIC = NO;
				GCC_NO_COMMON_BLOCKS = YES;
				GCC_OPTIMIZATION_LEVEL = 0;
				GCC_PREPROCESSOR_DEFINITIONS = (
					"DEBUG=1",
					"$(inherited)",
				);
				GCC_WARN_64_TO_32_BIT_CONVERSION = YES;
				GCC_WARN_ABOUT_RETURN_TYPE = YES_ERROR;
				GCC_WARN_UNDECLARED_SELECTOR = YES;
				GCC_WARN_UNINITIALIZED_AUTOS = YES_AGGRESSIVE;
				GCC_WARN_UNUSED_FUNCTION = YES;
				GCC_WARN_UNUSED_VARIABLE = YES;
				IPHONEOS_DEPLOYMENT_TARGET = 14.2;
				MTL_ENABLE_DEBUG_INFO = INCLUDE_SOURCE;
				MTL_FAST_MATH = YES;
				ONLY_ACTIVE_ARCH = YES;
				SDKROOT = iphoneos;
				SWIFT_ACTIVE_COMPILATION_CONDITIONS = DEBUG;
				SWIFT_OPTIMIZATION_LEVEL = "-Onone";
			};
			name = Debug;
		};
		867DDD7725AB880C00E745B7 /* Release */ = {
			isa = XCBuildConfiguration;
			buildSettings = {
				ALWAYS_SEARCH_USER_PATHS = NO;
				CLANG_ANALYZER_NONNULL = YES;
				CLANG_ANALYZER_NUMBER_OBJECT_CONVERSION = YES_AGGRESSIVE;
				CLANG_CXX_LANGUAGE_STANDARD = "gnu++14";
				CLANG_CXX_LIBRARY = "libc++";
				CLANG_ENABLE_MODULES = YES;
				CLANG_ENABLE_OBJC_ARC = YES;
				CLANG_ENABLE_OBJC_WEAK = YES;
				CLANG_WARN_BLOCK_CAPTURE_AUTORELEASING = YES;
				CLANG_WARN_BOOL_CONVERSION = YES;
				CLANG_WARN_COMMA = YES;
				CLANG_WARN_CONSTANT_CONVERSION = YES;
				CLANG_WARN_DEPRECATED_OBJC_IMPLEMENTATIONS = YES;
				CLANG_WARN_DIRECT_OBJC_ISA_USAGE = YES_ERROR;
				CLANG_WARN_DOCUMENTATION_COMMENTS = YES;
				CLANG_WARN_EMPTY_BODY = YES;
				CLANG_WARN_ENUM_CONVERSION = YES;
				CLANG_WARN_INFINITE_RECURSION = YES;
				CLANG_WARN_INT_CONVERSION = YES;
				CLANG_WARN_NON_LITERAL_NULL_CONVERSION = YES;
				CLANG_WARN_OBJC_IMPLICIT_RETAIN_SELF = YES;
				CLANG_WARN_OBJC_LITERAL_CONVERSION = YES;
				CLANG_WARN_OBJC_ROOT_CLASS = YES_ERROR;
				CLANG_WARN_QUOTED_INCLUDE_IN_FRAMEWORK_HEADER = YES;
				CLANG_WARN_RANGE_LOOP_ANALYSIS = YES;
				CLANG_WARN_STRICT_PROTOTYPES = YES;
				CLANG_WARN_SUSPICIOUS_MOVE = YES;
				CLANG_WARN_UNGUARDED_AVAILABILITY = YES_AGGRESSIVE;
				CLANG_WARN_UNREACHABLE_CODE = YES;
				CLANG_WARN__DUPLICATE_METHOD_MATCH = YES;
				COPY_PHASE_STRIP = NO;
				DEBUG_INFORMATION_FORMAT = "dwarf-with-dsym";
				ENABLE_NS_ASSERTIONS = NO;
				ENABLE_STRICT_OBJC_MSGSEND = YES;
				GCC_C_LANGUAGE_STANDARD = gnu11;
				GCC_NO_COMMON_BLOCKS = YES;
				GCC_WARN_64_TO_32_BIT_CONVERSION = YES;
				GCC_WARN_ABOUT_RETURN_TYPE = YES_ERROR;
				GCC_WARN_UNDECLARED_SELECTOR = YES;
				GCC_WARN_UNINITIALIZED_AUTOS = YES_AGGRESSIVE;
				GCC_WARN_UNUSED_FUNCTION = YES;
				GCC_WARN_UNUSED_VARIABLE = YES;
				IPHONEOS_DEPLOYMENT_TARGET = 14.2;
				MTL_ENABLE_DEBUG_INFO = NO;
				MTL_FAST_MATH = YES;
				SDKROOT = iphoneos;
				SWIFT_COMPILATION_MODE = wholemodule;
				SWIFT_OPTIMIZATION_LEVEL = "-O";
				VALIDATE_PRODUCT = YES;
			};
			name = Release;
		};
		867DDD7925AB880C00E745B7 /* Debug */ = {
			isa = XCBuildConfiguration;
			buildSettings = {
				ASSETCATALOG_COMPILER_APPICON_NAME = AppIcon;
				ASSETCATALOG_COMPILER_GLOBAL_ACCENT_COLOR_NAME = AccentColor;
				CODE_SIGN_STYLE = Automatic;
				DEVELOPMENT_ASSET_PATHS = "\"TestSourceFree/Preview Content\"";
				DEVELOPMENT_TEAM = U5368F72XM;
				ENABLE_PREVIEWS = YES;
				INFOPLIST_FILE = TestSourceFree/Info.plist;
				LD_RUNPATH_SEARCH_PATHS = (
					"$(inherited)",
					"@executable_path/Frameworks",
				);
				PRODUCT_BUNDLE_IDENTIFIER = SourceFree.TestSourceFree;
				PRODUCT_NAME = "$(TARGET_NAME)";
				SWIFT_VERSION = 5.0;
				TARGETED_DEVICE_FAMILY = "1,2";
			};
			name = Debug;
		};
		867DDD7A25AB880C00E745B7 /* Release */ = {
			isa = XCBuildConfiguration;
			buildSettings = {
				ASSETCATALOG_COMPILER_APPICON_NAME = AppIcon;
				ASSETCATALOG_COMPILER_GLOBAL_ACCENT_COLOR_NAME = AccentColor;
				CODE_SIGN_STYLE = Automatic;
				DEVELOPMENT_ASSET_PATHS = "\"TestSourceFree/Preview Content\"";
				DEVELOPMENT_TEAM = U5368F72XM;
				ENABLE_PREVIEWS = YES;
				INFOPLIST_FILE = TestSourceFree/Info.plist;
				LD_RUNPATH_SEARCH_PATHS = (
					"$(inherited)",
					"@executable_path/Frameworks",
				);
				PRODUCT_BUNDLE_IDENTIFIER = SourceFree.TestSourceFree;
				PRODUCT_NAME = "$(TARGET_NAME)";
				SWIFT_VERSION = 5.0;
				TARGETED_DEVICE_FAMILY = "1,2";
			};
			name = Release;
		};
/* End XCBuildConfiguration section */

/* Begin XCConfigurationList section */
		867DDD5F25AB880B00E745B7 /* Build configuration list for PBXProject "TestSourceFree" */ = {
			isa = XCConfigurationList;
			buildConfigurations = (
				867DDD7625AB880C00E745B7 /* Debug */,
				867DDD7725AB880C00E745B7 /* Release */,
			);
			defaultConfigurationIsVisible = 0;
			defaultConfigurationName = Release;
		};
		867DDD7825AB880C00E745B7 /* Build configuration list for PBXNativeTarget "TestSourceFree" */ = {
			isa = XCConfigurationList;
			buildConfigurations = (
				867DDD7925AB880C00E745B7 /* Debug */,
				867DDD7A25AB880C00E745B7 /* Release */,
			);
			defaultConfigurationIsVisible = 0;
			defaultConfigurationName = Release;
		};
/* End XCConfigurationList section */
	};
	rootObject = 867DDD5C25AB880B00E745B7 /* Project object */;
}
